{
  "name": "aws-api",
  "version": "1.0.0",
  "lockfileVersion": 1,
  "requires": true,
  "dependencies": {
    "claudia-api-builder": {
      "version": "4.1.1",
      "resolved": "https://registry.npmjs.org/claudia-api-builder/-/claudia-api-builder-4.1.1.tgz",
      "integrity": "sha512-87/0PODl07Z4celDVvDa47VpNi7w/FlaZzNDeX+aFi9Isg88ZmtWlM0uKmjFmsqrK9OjCm+WHvcp314iGmpT9Q=="
    },
    "node-fetch": {
      "version": "2.6.1",
      "resolved": "https://registry.npmjs.org/node-fetch/-/node-fetch-2.6.1.tgz",
      "integrity": "sha512-V4aYg89jEoVRxRb2fJdAg8FHvI7cEyYdVAh94HH0UIK8oJxUfkjlDQN9RbMx+bEjP7+ggMiFRprSti032Oipxw=="
    }
  }
}
